
Microsoft Visual Studio Solution File, Format Version 12.00
# Visual Studio Version 17
VisualStudioVersion = 17.4.33205.214
MinimumVisualStudioVersion = 10.0.40219.1
Project("{FAE04EC0-301F-11D3-BF4B-00C04F79EFBC}") = "speed test2", "speed test2\speed test2.csproj", "{0900BAB9-0D75-4021-A590-F498C752BF49}"
EndProject
Global
	GlobalSection(SolutionConfigurationPlatforms) = preSolution
		Debug|Any CPU = Debug|Any CPU
		Release|Any CPU = Release|Any CPU
	EndGlobalSection
	GlobalSection(ProjectConfigurationPlatforms) = postSolution
		{0900BAB9-0D75-4021-A590-F498C752BF49}.Debug|Any CPU.ActiveCfg = Debug|Any CPU
		{0900BAB9-0D75-4021-A590-F498C752BF49}.Debug|Any CPU.Build.0 = Debug|Any CPU
		{0900BAB9-0D75-4021-A590-F498C752BF49}.Release|Any CPU.ActiveCfg = Release|Any CPU
		{0900BAB9-0D75-4021-A590-F498C752BF49}.Release|Any CPU.Build.0 = Release|Any CPU
	EndGlobalSection
	GlobalSection(SolutionProperties) = preSolution
		HideSolutionNode = FALSE
	EndGlobalSection
	GlobalSection(ExtensibilityGlobals) = postSolution
		SolutionGuid = {42B98DCD-019B-4F63-BC57-C22C4B6761B9}
	EndGlobalSection
EndGlobal
