
Microsoft Visual Studio Solution File, Format Version 12.00
# Visual Studio Version 17
VisualStudioVersion = 17.4.33205.214
MinimumVisualStudioVersion = 10.0.40219.1
Project("{FAE04EC0-301F-11D3-BF4B-00C04F79EFBC}") = "WinFormsApp1", "WinFormsApp1\WinFormsApp1.csproj", "{7A67C4C7-D9A9-4651-A577-721FAC33385E}"
EndProject
Global
	GlobalSection(SolutionConfigurationPlatforms) = preSolution
		Debug|Any CPU = Debug|Any CPU
		Release|Any CPU = Release|Any CPU
	EndGlobalSection
	GlobalSection(ProjectConfigurationPlatforms) = postSolution
		{7A67C4C7-D9A9-4651-A577-721FAC33385E}.Debug|Any CPU.ActiveCfg = Debug|Any CPU
		{7A67C4C7-D9A9-4651-A577-721FAC33385E}.Debug|Any CPU.Build.0 = Debug|Any CPU
		{7A67C4C7-D9A9-4651-A577-721FAC33385E}.Release|Any CPU.ActiveCfg = Release|Any CPU
		{7A67C4C7-D9A9-4651-A577-721FAC33385E}.Release|Any CPU.Build.0 = Release|Any CPU
	EndGlobalSection
	GlobalSection(SolutionProperties) = preSolution
		HideSolutionNode = FALSE
	EndGlobalSection
	GlobalSection(ExtensibilityGlobals) = postSolution
		SolutionGuid = {30463D70-0990-45A4-A585-688D3D936263}
	EndGlobalSection
EndGlobal
